
Microsoft Visual Studio Solution File, Format Version 12.00
# Visual Studio Version 17
VisualStudioVersion = 17.8.34322.80
MinimumVisualStudioVersion = 10.0.40219.1
Project("{9A19103F-16F7-4668-BE54-9A1E7A4F7556}") = "RealtyWeb_Server", "RealtyWeb_Server\RealtyWeb_Server.csproj", "{17CAD688-63FC-49B3-9975-CF28181592F7}"
EndProject
Project("{9A19103F-16F7-4668-BE54-9A1E7A4F7556}") = "RealtyWeb_Client", "RealtyWeb_Client\RealtyWeb_Client.csproj", "{CCDA064A-25FE-4571-B3A8-A1E5E5D1A0A6}"
EndProject
Project("{9A19103F-16F7-4668-BE54-9A1E7A4F7556}") = "Realty_Models", "Realty_Models\Realty_Models.csproj", "{21E113E4-0B66-4736-8B02-731370A4B275}"
EndProject
Project("{9A19103F-16F7-4668-BE54-9A1E7A4F7556}") = "InputboxComponents", "InputboxComponents\InputboxComponents.csproj", "{31E46E14-9BE1-492A-9F55-FB3B87E10494}"
EndProject
Project("{9A19103F-16F7-4668-BE54-9A1E7A4F7556}") = "Realty_Biz", "Realty_Biz\Realty_Biz.csproj", "{7CE704E4-B513-4C7C-A0AF-0244131E1DB8}"
EndProject
Project("{9A19103F-16F7-4668-BE54-9A1E7A4F7556}") = "Realty_Db", "Realty_Db\Realty_Db.csproj", "{5A4EA7A0-5268-4133-8DE7-9A746754DE50}"
EndProject
Global
	GlobalSection(SolutionConfigurationPlatforms) = preSolution
		Debug|Any CPU = Debug|Any CPU
		Release|Any CPU = Release|Any CPU
	EndGlobalSection
	GlobalSection(ProjectConfigurationPlatforms) = postSolution
		{17CAD688-63FC-49B3-9975-CF28181592F7}.Debug|Any CPU.ActiveCfg = Debug|Any CPU
		{17CAD688-63FC-49B3-9975-CF28181592F7}.Debug|Any CPU.Build.0 = Debug|Any CPU
		{17CAD688-63FC-49B3-9975-CF28181592F7}.Release|Any CPU.ActiveCfg = Release|Any CPU
		{17CAD688-63FC-49B3-9975-CF28181592F7}.Release|Any CPU.Build.0 = Release|Any CPU
		{CCDA064A-25FE-4571-B3A8-A1E5E5D1A0A6}.Debug|Any CPU.ActiveCfg = Debug|Any CPU
		{CCDA064A-25FE-4571-B3A8-A1E5E5D1A0A6}.Debug|Any CPU.Build.0 = Debug|Any CPU
		{CCDA064A-25FE-4571-B3A8-A1E5E5D1A0A6}.Release|Any CPU.ActiveCfg = Release|Any CPU
		{CCDA064A-25FE-4571-B3A8-A1E5E5D1A0A6}.Release|Any CPU.Build.0 = Release|Any CPU
		{21E113E4-0B66-4736-8B02-731370A4B275}.Debug|Any CPU.ActiveCfg = Debug|Any CPU
		{21E113E4-0B66-4736-8B02-731370A4B275}.Debug|Any CPU.Build.0 = Debug|Any CPU
		{21E113E4-0B66-4736-8B02-731370A4B275}.Release|Any CPU.ActiveCfg = Release|Any CPU
		{21E113E4-0B66-4736-8B02-731370A4B275}.Release|Any CPU.Build.0 = Release|Any CPU
		{31E46E14-9BE1-492A-9F55-FB3B87E10494}.Debug|Any CPU.ActiveCfg = Debug|Any CPU
		{31E46E14-9BE1-492A-9F55-FB3B87E10494}.Debug|Any CPU.Build.0 = Debug|Any CPU
		{31E46E14-9BE1-492A-9F55-FB3B87E10494}.Release|Any CPU.ActiveCfg = Release|Any CPU
		{31E46E14-9BE1-492A-9F55-FB3B87E10494}.Release|Any CPU.Build.0 = Release|Any CPU
		{7CE704E4-B513-4C7C-A0AF-0244131E1DB8}.Debug|Any CPU.ActiveCfg = Debug|Any CPU
		{7CE704E4-B513-4C7C-A0AF-0244131E1DB8}.Debug|Any CPU.Build.0 = Debug|Any CPU
		{7CE704E4-B513-4C7C-A0AF-0244131E1DB8}.Release|Any CPU.ActiveCfg = Release|Any CPU
		{7CE704E4-B513-4C7C-A0AF-0244131E1DB8}.Release|Any CPU.Build.0 = Release|Any CPU
		{5A4EA7A0-5268-4133-8DE7-9A746754DE50}.Debug|Any CPU.ActiveCfg = Debug|Any CPU
		{5A4EA7A0-5268-4133-8DE7-9A746754DE50}.Debug|Any CPU.Build.0 = Debug|Any CPU
		{5A4EA7A0-5268-4133-8DE7-9A746754DE50}.Release|Any CPU.ActiveCfg = Release|Any CPU
		{5A4EA7A0-5268-4133-8DE7-9A746754DE50}.Release|Any CPU.Build.0 = Release|Any CPU
	EndGlobalSection
	GlobalSection(SolutionProperties) = preSolution
		HideSolutionNode = FALSE
	EndGlobalSection
	GlobalSection(ExtensibilityGlobals) = postSolution
		SolutionGuid = {2CDCDD7A-645F-4081-BB87-D3D18AD50821}
	EndGlobalSection
EndGlobal
